{
    "_readme": [
        "This file locks the dependencies of your project to a known state",
        "Read more about it at https://getcomposer.org/doc/01-basic-usage.md#installing-dependencies",
        "This file is @generated automatically"
    ],
    "content-hash": "bb38671ef8b7e723e244bc8aed047b87",
    "packages": [],
    "packages-dev": [
        {
            "name": "websyspro/watch",
            "version": "dev-main",
            "source": {
                "type": "git",
                "url": "https://github.com/websyspro/watch.git",
                "reference": "b8b3eb1d92c283e42a78f5422f206d027ca7be2a"
            },
            "dist": {
                "type": "zip",
                "url": "https://api.github.com/repos/websyspro/watch/zipball/b8b3eb1d92c283e42a78f5422f206d027ca7be2a",
                "reference": "b8b3eb1d92c283e42a78f5422f206d027ca7be2a",
                "shasum": ""
            },
            "default-branch": true,
            "type": "library",
            "autoload": {
                "psr-4": {
                    "Websyspro\\Watch\\": "src/"
                }
            },
            "notification-url": "https://packagist.org/downloads/",
            "license": [
                "MIT"
            ],
            "authors": [
                {
                    "name": "websyspro",
                    "email": "websyspro.services@gmail.com"
                }
            ],
            "description": "File watcher for PHP projects using PowerShell",
            "support": {
                "issues": "https://github.com/websyspro/watch/issues",
                "source": "https://github.com/websyspro/watch/tree/main"
            },
            "time": "2025-05-18T13:55:42+00:00"
        }
    ],
    "aliases": [],
    "minimum-stability": "stable",
    "stability-flags": {
        "websyspro/watch": 20
    },
    "prefer-stable": false,
    "prefer-lowest": false,
    "platform": {},
    "platform-dev": {},
    "plugin-api-version": "2.9.0"
}
